
Microsoft Visual Studio Solution File, Format Version 12.00
# Visual Studio 15
VisualStudioVersion = 15.0.27428.2015
MinimumVisualStudioVersion = 10.0.40219.1
Project("{FAE04EC0-301F-11D3-BF4B-00C04F79EFBC}") = "Sanus", "Sanus\Sanus\Sanus.csproj", "{A6A19473-062E-4C42-BB1D-5EB2DB84CC4D}"
EndProject
Project("{FAE04EC0-301F-11D3-BF4B-00C04F79EFBC}") = "Sanus.Android", "Sanus\Sanus.Android\Sanus.Android.csproj", "{C6BC8DE3-F559-40D4-9E07-A77E6F354E72}"
EndProject
Project("{FAE04EC0-301F-11D3-BF4B-00C04F79EFBC}") = "Sanus.iOS", "Sanus\Sanus.iOS\Sanus.iOS.csproj", "{7A7CEBDD-CA6F-4E15-99AE-114746E3991D}"
EndProject
Global
	GlobalSection(SolutionConfigurationPlatforms) = preSolution
		Ad-Hoc|Any CPU = Ad-Hoc|Any CPU
		Ad-Hoc|iPhone = Ad-Hoc|iPhone
		Ad-Hoc|iPhoneSimulator = Ad-Hoc|iPhoneSimulator
		AppStore|Any CPU = AppStore|Any CPU
		AppStore|iPhone = AppStore|iPhone
		AppStore|iPhoneSimulator = AppStore|iPhoneSimulator
		Debug|Any CPU = Debug|Any CPU
		Debug|iPhone = Debug|iPhone
		Debug|iPhoneSimulator = Debug|iPhoneSimulator
		Release|Any CPU = Release|Any CPU
		Release|iPhone = Release|iPhone
		Release|iPhoneSimulator = Release|iPhoneSimulator
	EndGlobalSection
	GlobalSection(ProjectConfigurationPlatforms) = postSolution
		{A6A19473-062E-4C42-BB1D-5EB2DB84CC4D}.Ad-Hoc|Any CPU.ActiveCfg = Debug|Any CPU
		{A6A19473-062E-4C42-BB1D-5EB2DB84CC4D}.Ad-Hoc|Any CPU.Build.0 = Debug|Any CPU
		{A6A19473-062E-4C42-BB1D-5EB2DB84CC4D}.Ad-Hoc|iPhone.ActiveCfg = Debug|Any CPU
		{A6A19473-062E-4C42-BB1D-5EB2DB84CC4D}.Ad-Hoc|iPhone.Build.0 = Debug|Any CPU
		{A6A19473-062E-4C42-BB1D-5EB2DB84CC4D}.Ad-Hoc|iPhoneSimulator.ActiveCfg = Debug|Any CPU
		{A6A19473-062E-4C42-BB1D-5EB2DB84CC4D}.Ad-Hoc|iPhoneSimulator.Build.0 = Debug|Any CPU
		{A6A19473-062E-4C42-BB1D-5EB2DB84CC4D}.AppStore|Any CPU.ActiveCfg = Debug|Any CPU
		{A6A19473-062E-4C42-BB1D-5EB2DB84CC4D}.AppStore|Any CPU.Build.0 = Debug|Any CPU
		{A6A19473-062E-4C42-BB1D-5EB2DB84CC4D}.AppStore|iPhone.ActiveCfg = Debug|Any CPU
		{A6A19473-062E-4C42-BB1D-5EB2DB84CC4D}.AppStore|iPhone.Build.0 = Debug|Any CPU
		{A6A19473-062E-4C42-BB1D-5EB2DB84CC4D}.AppStore|iPhoneSimulator.ActiveCfg = Debug|Any CPU
		{A6A19473-062E-4C42-BB1D-5EB2DB84CC4D}.AppStore|iPhoneSimulator.Build.0 = Debug|Any CPU
		{A6A19473-062E-4C42-BB1D-5EB2DB84CC4D}.Debug|Any CPU.ActiveCfg = Debug|Any CPU
		{A6A19473-062E-4C42-BB1D-5EB2DB84CC4D}.Debug|Any CPU.Build.0 = Debug|Any CPU
		{A6A19473-062E-4C42-BB1D-5EB2DB84CC4D}.Debug|iPhone.ActiveCfg = Debug|Any CPU
		{A6A19473-062E-4C42-BB1D-5EB2DB84CC4D}.Debug|iPhone.Build.0 = Debug|Any CPU
		{A6A19473-062E-4C42-BB1D-5EB2DB84CC4D}.Debug|iPhoneSimulator.ActiveCfg = Debug|Any CPU
		{A6A19473-062E-4C42-BB1D-5EB2DB84CC4D}.Debug|iPhoneSimulator.Build.0 = Debug|Any CPU
		{A6A19473-062E-4C42-BB1D-5EB2DB84CC4D}.Release|Any CPU.ActiveCfg = Release|Any CPU
		{A6A19473-062E-4C42-BB1D-5EB2DB84CC4D}.Release|Any CPU.Build.0 = Release|Any CPU
		{A6A19473-062E-4C42-BB1D-5EB2DB84CC4D}.Release|iPhone.ActiveCfg = Release|Any CPU
		{A6A19473-062E-4C42-BB1D-5EB2DB84CC4D}.Release|iPhone.Build.0 = Release|Any CPU
		{A6A19473-062E-4C42-BB1D-5EB2DB84CC4D}.Release|iPhoneSimulator.ActiveCfg = Release|Any CPU
		{A6A19473-062E-4C42-BB1D-5EB2DB84CC4D}.Release|iPhoneSimulator.Build.0 = Release|Any CPU
		{C6BC8DE3-F559-40D4-9E07-A77E6F354E72}.Ad-Hoc|Any CPU.ActiveCfg = Release|Any CPU
		{C6BC8DE3-F559-40D4-9E07-A77E6F354E72}.Ad-Hoc|Any CPU.Build.0 = Release|Any CPU
		{C6BC8DE3-F559-40D4-9E07-A77E6F354E72}.Ad-Hoc|Any CPU.Deploy.0 = Release|Any CPU
		{C6BC8DE3-F559-40D4-9E07-A77E6F354E72}.Ad-Hoc|iPhone.ActiveCfg = Release|Any CPU
		{C6BC8DE3-F559-40D4-9E07-A77E6F354E72}.Ad-Hoc|iPhone.Build.0 = Release|Any CPU
		{C6BC8DE3-F559-40D4-9E07-A77E6F354E72}.Ad-Hoc|iPhone.Deploy.0 = Release|Any CPU
		{C6BC8DE3-F559-40D4-9E07-A77E6F354E72}.Ad-Hoc|iPhoneSimulator.ActiveCfg = Release|Any CPU
		{C6BC8DE3-F559-40D4-9E07-A77E6F354E72}.Ad-Hoc|iPhoneSimulator.Build.0 = Release|Any CPU
		{C6BC8DE3-F559-40D4-9E07-A77E6F354E72}.Ad-Hoc|iPhoneSimulator.Deploy.0 = Release|Any CPU
		{C6BC8DE3-F559-40D4-9E07-A77E6F354E72}.AppStore|Any CPU.ActiveCfg = Release|Any CPU
		{C6BC8DE3-F559-40D4-9E07-A77E6F354E72}.AppStore|Any CPU.Build.0 = Release|Any CPU
		{C6BC8DE3-F559-40D4-9E07-A77E6F354E72}.AppStore|Any CPU.Deploy.0 = Release|Any CPU
		{C6BC8DE3-F559-40D4-9E07-A77E6F354E72}.AppStore|iPhone.ActiveCfg = Release|Any CPU
		{C6BC8DE3-F559-40D4-9E07-A77E6F354E72}.AppStore|iPhone.Build.0 = Release|Any CPU
		{C6BC8DE3-F559-40D4-9E07-A77E6F354E72}.AppStore|iPhone.Deploy.0 = Release|Any CPU
		{C6BC8DE3-F559-40D4-9E07-A77E6F354E72}.AppStore|iPhoneSimulator.ActiveCfg = Release|Any CPU
		{C6BC8DE3-F559-40D4-9E07-A77E6F354E72}.AppStore|iPhoneSimulator.Build.0 = Release|Any CPU
		{C6BC8DE3-F559-40D4-9E07-A77E6F354E72}.AppStore|iPhoneSimulator.Deploy.0 = Release|Any CPU
		{C6BC8DE3-F559-40D4-9E07-A77E6F354E72}.Debug|Any CPU.ActiveCfg = Debug|Any CPU
		{C6BC8DE3-F559-40D4-9E07-A77E6F354E72}.Debug|Any CPU.Build.0 = Debug|Any CPU
		{C6BC8DE3-F559-40D4-9E07-A77E6F354E72}.Debug|Any CPU.Deploy.0 = Debug|Any CPU
		{C6BC8DE3-F559-40D4-9E07-A77E6F354E72}.Debug|iPhone.ActiveCfg = Debug|Any CPU
		{C6BC8DE3-F559-40D4-9E07-A77E6F354E72}.Debug|iPhone.Build.0 = Debug|Any CPU
		{C6BC8DE3-F559-40D4-9E07-A77E6F354E72}.Debug|iPhone.Deploy.0 = Debug|Any CPU
		{C6BC8DE3-F559-40D4-9E07-A77E6F354E72}.Debug|iPhoneSimulator.ActiveCfg = Debug|Any CPU
		{C6BC8DE3-F559-40D4-9E07-A77E6F354E72}.Debug|iPhoneSimulator.Build.0 = Debug|Any CPU
		{C6BC8DE3-F559-40D4-9E07-A77E6F354E72}.Debug|iPhoneSimulator.Deploy.0 = Debug|Any CPU
		{C6BC8DE3-F559-40D4-9E07-A77E6F354E72}.Release|Any CPU.ActiveCfg = Release|Any CPU
		{C6BC8DE3-F559-40D4-9E07-A77E6F354E72}.Release|Any CPU.Build.0 = Release|Any CPU
		{C6BC8DE3-F559-40D4-9E07-A77E6F354E72}.Release|Any CPU.Deploy.0 = Release|Any CPU
		{C6BC8DE3-F559-40D4-9E07-A77E6F354E72}.Release|iPhone.ActiveCfg = Release|Any CPU
		{C6BC8DE3-F559-40D4-9E07-A77E6F354E72}.Release|iPhone.Build.0 = Release|Any CPU
		{C6BC8DE3-F559-40D4-9E07-A77E6F354E72}.Release|iPhone.Deploy.0 = Release|Any CPU
		{C6BC8DE3-F559-40D4-9E07-A77E6F354E72}.Release|iPhoneSimulator.ActiveCfg = Release|Any CPU
		{C6BC8DE3-F559-40D4-9E07-A77E6F354E72}.Release|iPhoneSimulator.Build.0 = Release|Any CPU
		{C6BC8DE3-F559-40D4-9E07-A77E6F354E72}.Release|iPhoneSimulator.Deploy.0 = Release|Any CPU
		{7A7CEBDD-CA6F-4E15-99AE-114746E3991D}.Ad-Hoc|Any CPU.ActiveCfg = Ad-Hoc|iPhone
		{7A7CEBDD-CA6F-4E15-99AE-114746E3991D}.Ad-Hoc|iPhone.ActiveCfg = Ad-Hoc|iPhone
		{7A7CEBDD-CA6F-4E15-99AE-114746E3991D}.Ad-Hoc|iPhone.Build.0 = Ad-Hoc|iPhone
		{7A7CEBDD-CA6F-4E15-99AE-114746E3991D}.Ad-Hoc|iPhoneSimulator.ActiveCfg = Ad-Hoc|iPhoneSimulator
		{7A7CEBDD-CA6F-4E15-99AE-114746E3991D}.Ad-Hoc|iPhoneSimulator.Build.0 = Ad-Hoc|iPhoneSimulator
		{7A7CEBDD-CA6F-4E15-99AE-114746E3991D}.AppStore|Any CPU.ActiveCfg = AppStore|iPhone
		{7A7CEBDD-CA6F-4E15-99AE-114746E3991D}.AppStore|iPhone.ActiveCfg = AppStore|iPhone
		{7A7CEBDD-CA6F-4E15-99AE-114746E3991D}.AppStore|iPhone.Build.0 = AppStore|iPhone
		{7A7CEBDD-CA6F-4E15-99AE-114746E3991D}.AppStore|iPhoneSimulator.ActiveCfg = AppStore|iPhoneSimulator
		{7A7CEBDD-CA6F-4E15-99AE-114746E3991D}.AppStore|iPhoneSimulator.Build.0 = AppStore|iPhoneSimulator
		{7A7CEBDD-CA6F-4E15-99AE-114746E3991D}.Debug|Any CPU.ActiveCfg = Debug|iPhone
		{7A7CEBDD-CA6F-4E15-99AE-114746E3991D}.Debug|iPhone.ActiveCfg = Debug|iPhone
		{7A7CEBDD-CA6F-4E15-99AE-114746E3991D}.Debug|iPhone.Build.0 = Debug|iPhone
		{7A7CEBDD-CA6F-4E15-99AE-114746E3991D}.Debug|iPhoneSimulator.ActiveCfg = Debug|iPhoneSimulator
		{7A7CEBDD-CA6F-4E15-99AE-114746E3991D}.Debug|iPhoneSimulator.Build.0 = Debug|iPhoneSimulator
		{7A7CEBDD-CA6F-4E15-99AE-114746E3991D}.Release|Any CPU.ActiveCfg = Release|iPhone
		{7A7CEBDD-CA6F-4E15-99AE-114746E3991D}.Release|iPhone.ActiveCfg = Release|iPhone
		{7A7CEBDD-CA6F-4E15-99AE-114746E3991D}.Release|iPhone.Build.0 = Release|iPhone
		{7A7CEBDD-CA6F-4E15-99AE-114746E3991D}.Release|iPhoneSimulator.ActiveCfg = Release|iPhoneSimulator
		{7A7CEBDD-CA6F-4E15-99AE-114746E3991D}.Release|iPhoneSimulator.Build.0 = Release|iPhoneSimulator
	EndGlobalSection
	GlobalSection(SolutionProperties) = preSolution
		HideSolutionNode = FALSE
	EndGlobalSection
	GlobalSection(ExtensibilityGlobals) = postSolution
		SolutionGuid = {8176C791-0BC7-4554-902E-A22A5E9E138A}
	EndGlobalSection
EndGlobal
